
Microsoft Visual Studio Solution File, Format Version 12.00
# Visual Studio Version 17
VisualStudioVersion = 17.2.32616.157
MinimumVisualStudioVersion = 10.0.40219.1
Project("{FAE04EC0-301F-11D3-BF4B-00C04F79EFBC}") = "sanke and ladder7", "sanke and ladder7\sanke and ladder7.csproj", "{B644B971-F5A1-448C-8407-90DE012E3DDC}"
EndProject
Global
	GlobalSection(SolutionConfigurationPlatforms) = preSolution
		Debug|Any CPU = Debug|Any CPU
		Release|Any CPU = Release|Any CPU
	EndGlobalSection
	GlobalSection(ProjectConfigurationPlatforms) = postSolution
		{B644B971-F5A1-448C-8407-90DE012E3DDC}.Debug|Any CPU.ActiveCfg = Debug|Any CPU
		{B644B971-F5A1-448C-8407-90DE012E3DDC}.Debug|Any CPU.Build.0 = Debug|Any CPU
		{B644B971-F5A1-448C-8407-90DE012E3DDC}.Release|Any CPU.ActiveCfg = Release|Any CPU
		{B644B971-F5A1-448C-8407-90DE012E3DDC}.Release|Any CPU.Build.0 = Release|Any CPU
	EndGlobalSection
	GlobalSection(SolutionProperties) = preSolution
		HideSolutionNode = FALSE
	EndGlobalSection
	GlobalSection(ExtensibilityGlobals) = postSolution
		SolutionGuid = {9F699030-3C9A-4DE1-90E2-472204BE0903}
	EndGlobalSection
EndGlobal
