
Microsoft Visual Studio Solution File, Format Version 12.00
# Visual Studio Version 17
VisualStudioVersion = 17.2.32616.157
MinimumVisualStudioVersion = 10.0.40219.1
Project("{FAE04EC0-301F-11D3-BF4B-00C04F79EFBC}") = "Snake and ladder4", "Snake and ladder4\Snake and ladder4.csproj", "{FF2BB621-729C-45EA-A777-A06D619492ED}"
EndProject
Global
	GlobalSection(SolutionConfigurationPlatforms) = preSolution
		Debug|Any CPU = Debug|Any CPU
		Release|Any CPU = Release|Any CPU
	EndGlobalSection
	GlobalSection(ProjectConfigurationPlatforms) = postSolution
		{FF2BB621-729C-45EA-A777-A06D619492ED}.Debug|Any CPU.ActiveCfg = Debug|Any CPU
		{FF2BB621-729C-45EA-A777-A06D619492ED}.Debug|Any CPU.Build.0 = Debug|Any CPU
		{FF2BB621-729C-45EA-A777-A06D619492ED}.Release|Any CPU.ActiveCfg = Release|Any CPU
		{FF2BB621-729C-45EA-A777-A06D619492ED}.Release|Any CPU.Build.0 = Release|Any CPU
	EndGlobalSection
	GlobalSection(SolutionProperties) = preSolution
		HideSolutionNode = FALSE
	EndGlobalSection
	GlobalSection(ExtensibilityGlobals) = postSolution
		SolutionGuid = {37A54D49-7EE8-4719-AF76-3DF8D04F6C22}
	EndGlobalSection
EndGlobal
